<Solution>
  <Project Path="SeguimientoFacturacion.Application.Tests/SeguimientoFacturacion.Application.Tests.csproj" />
  <Project Path="SeguimientoFacturacion.Application/SeguimientoFacturacion.Application.csproj" />
  <Project Path="SeguimientoFacturacion.Domain.Tests/SeguimientoFacturacion.Domain.Tests.csproj" />
  <Project Path="SeguimientoFacturacion.Domain/SeguimientoFacturacion.Domain.csproj" />
  <Project Path="SeguimientoFacturacion.Infrastructure.Tests/SeguimientoFacturacion.Infrastructure.Tests.csproj" />
  <Project Path="SeguimientoFacturacion.Infrastructure/SeguimientoFacturacion.Infrastructure.csproj" />
  <Project Path="SeguimientoFacturacion.Web.Tests/SeguimientoFacturacion.Web.Tests.csproj" />
  <Project Path="SeguimientoFacturacion/SeguimientoFacturacion.Web.csproj" />
</Solution>
